// !$*UTF8*$!
{
	archiveVersion = 1;
	classes = {
	};
	objectVersion = 50;
	objects = {

/* Begin PBXBuildFile section */
		230B81C121FB0D05007BAA87 /* AppDelegate.swift in Sources */ = {isa = PBXBuildFile; fileRef = 230B81C021FB0D05007BAA87 /* AppDelegate.swift */; };
		230B81C321FB0D05007BAA87 /* ViewController.swift in Sources */ = {isa = PBXBuildFile; fileRef = 230B81C221FB0D05007BAA87 /* ViewController.swift */; };
		230B81C621FB0D05007BAA87 /* Main.storyboard in Resources */ = {isa = PBXBuildFile; fileRef = 230B81C421FB0D05007BAA87 /* Main.storyboard */; };
		230B81C821FB0D07007BAA87 /* Assets.xcassets in Resources */ = {isa = PBXBuildFile; fileRef = 230B81C721FB0D07007BAA87 /* Assets.xcassets */; };
		230B81CB21FB0D07007BAA87 /* LaunchScreen.storyboard in Resources */ = {isa = PBXBuildFile; fileRef = 230B81C921FB0D07007BAA87 /* LaunchScreen.storyboard */; };
		230B81D621FB0D07007BAA87 /* EditTimesheetsTests.swift in Sources */ = {isa = PBXBuildFile; fileRef = 230B81D521FB0D07007BAA87 /* EditTimesheetsTests.swift */; };
		230B81E121FB0D07007BAA87 /* EditTimesheetsUITests.swift in Sources */ = {isa = PBXBuildFile; fileRef = 230B81E021FB0D07007BAA87 /* EditTimesheetsUITests.swift */; };
		230B81EF21FB0DCD007BAA87 /* AddInforCheckInCheckOutView.swift in Sources */ = {isa = PBXBuildFile; fileRef = 230B81EE21FB0DCD007BAA87 /* AddInforCheckInCheckOutView.swift */; };
		230B81F121FB0DD8007BAA87 /* AddInforCheckInCheckOutView.xib in Resources */ = {isa = PBXBuildFile; fileRef = 230B81F021FB0DD8007BAA87 /* AddInforCheckInCheckOutView.xib */; };
		230B81F321FB0F89007BAA87 /* InputCheckInCheckOutView.xib in Resources */ = {isa = PBXBuildFile; fileRef = 230B81F221FB0F89007BAA87 /* InputCheckInCheckOutView.xib */; };
		230B81F521FB0F9C007BAA87 /* InputCheckInCheckOutView.swift in Sources */ = {isa = PBXBuildFile; fileRef = 230B81F421FB0F9C007BAA87 /* InputCheckInCheckOutView.swift */; };
		230B81F921FB15D4007BAA87 /* UITextView+Placeholder.m in Sources */ = {isa = PBXBuildFile; fileRef = 230B81F721FB15D4007BAA87 /* UITextView+Placeholder.m */; };
		234846E421FEB4320069F345 /* ColorExtensions.swift in Sources */ = {isa = PBXBuildFile; fileRef = 234846E321FEB4320069F345 /* ColorExtensions.swift */; };
/* End PBXBuildFile section */

/* Begin PBXContainerItemProxy section */
		230B81D221FB0D07007BAA87 /* PBXContainerItemProxy */ = {
			isa = PBXContainerItemProxy;
			containerPortal = 230B81B521FB0D05007BAA87 /* Project object */;
			proxyType = 1;
			remoteGlobalIDString = 230B81BC21FB0D05007BAA87;
			remoteInfo = EditTimesheets;
		};
		230B81DD21FB0D07007BAA87 /* PBXContainerItemProxy */ = {
			isa = PBXContainerItemProxy;
			containerPortal = 230B81B521FB0D05007BAA87 /* Project object */;
			proxyType = 1;
			remoteGlobalIDString = 230B81BC21FB0D05007BAA87;
			remoteInfo = EditTimesheets;
		};
/* End PBXContainerItemProxy section */

/* Begin PBXFileReference section */
		230B81BD21FB0D05007BAA87 /* EditTimesheets.app */ = {isa = PBXFileReference; explicitFileType = wrapper.application; includeInIndex = 0; path = EditTimesheets.app; sourceTree = BUILT_PRODUCTS_DIR; };
		230B81C021FB0D05007BAA87 /* AppDelegate.swift */ = {isa = PBXFileReference; lastKnownFileType = sourcecode.swift; path = AppDelegate.swift; sourceTree = "<group>"; };
		230B81C221FB0D05007BAA87 /* ViewController.swift */ = {isa = PBXFileReference; lastKnownFileType = sourcecode.swift; path = ViewController.swift; sourceTree = "<group>"; };
		230B81C521FB0D05007BAA87 /* Base */ = {isa = PBXFileReference; lastKnownFileType = file.storyboard; name = Base; path = Base.lproj/Main.storyboard; sourceTree = "<group>"; };
		230B81C721FB0D07007BAA87 /* Assets.xcassets */ = {isa = PBXFileReference; lastKnownFileType = folder.assetcatalog; path = Assets.xcassets; sourceTree = "<group>"; };
		230B81CA21FB0D07007BAA87 /* Base */ = {isa = PBXFileReference; lastKnownFileType = file.storyboard; name = Base; path = Base.lproj/LaunchScreen.storyboard; sourceTree = "<group>"; };
		230B81CC21FB0D07007BAA87 /* Info.plist */ = {isa = PBXFileReference; lastKnownFileType = text.plist.xml; path = Info.plist; sourceTree = "<group>"; };
		230B81D121FB0D07007BAA87 /* EditTimesheetsTests.xctest */ = {isa = PBXFileReference; explicitFileType = wrapper.cfbundle; includeInIndex = 0; path = EditTimesheetsTests.xctest; sourceTree = BUILT_PRODUCTS_DIR; };
		230B81D521FB0D07007BAA87 /* EditTimesheetsTests.swift */ = {isa = PBXFileReference; lastKnownFileType = sourcecode.swift; path = EditTimesheetsTests.swift; sourceTree = "<group>"; };
		230B81D721FB0D07007BAA87 /* Info.plist */ = {isa = PBXFileReference; lastKnownFileType = text.plist.xml; path = Info.plist; sourceTree = "<group>"; };
		230B81DC21FB0D07007BAA87 /* EditTimesheetsUITests.xctest */ = {isa = PBXFileReference; explicitFileType = wrapper.cfbundle; includeInIndex = 0; path = EditTimesheetsUITests.xctest; sourceTree = BUILT_PRODUCTS_DIR; };
		230B81E021FB0D07007BAA87 /* EditTimesheetsUITests.swift */ = {isa = PBXFileReference; lastKnownFileType = sourcecode.swift; path = EditTimesheetsUITests.swift; sourceTree = "<group>"; };
		230B81E221FB0D07007BAA87 /* Info.plist */ = {isa = PBXFileReference; lastKnownFileType = text.plist.xml; path = Info.plist; sourceTree = "<group>"; };
		230B81EE21FB0DCD007BAA87 /* AddInforCheckInCheckOutView.swift */ = {isa = PBXFileReference; lastKnownFileType = sourcecode.swift; path = AddInforCheckInCheckOutView.swift; sourceTree = "<group>"; };
		230B81F021FB0DD8007BAA87 /* AddInforCheckInCheckOutView.xib */ = {isa = PBXFileReference; lastKnownFileType = file.xib; path = AddInforCheckInCheckOutView.xib; sourceTree = "<group>"; };
		230B81F221FB0F89007BAA87 /* InputCheckInCheckOutView.xib */ = {isa = PBXFileReference; lastKnownFileType = file.xib; path = InputCheckInCheckOutView.xib; sourceTree = "<group>"; };
		230B81F421FB0F9C007BAA87 /* InputCheckInCheckOutView.swift */ = {isa = PBXFileReference; lastKnownFileType = sourcecode.swift; path = InputCheckInCheckOutView.swift; sourceTree = "<group>"; };
		230B81F621FB15D3007BAA87 /* EditTimesheets-Bridging-Header.h */ = {isa = PBXFileReference; lastKnownFileType = sourcecode.c.h; path = "EditTimesheets-Bridging-Header.h"; sourceTree = "<group>"; };
		230B81F721FB15D4007BAA87 /* UITextView+Placeholder.m */ = {isa = PBXFileReference; fileEncoding = 4; lastKnownFileType = sourcecode.c.objc; path = "UITextView+Placeholder.m"; sourceTree = "<group>"; };
		230B81F821FB15D4007BAA87 /* UITextView+Placeholder.h */ = {isa = PBXFileReference; fileEncoding = 4; lastKnownFileType = sourcecode.c.h; path = "UITextView+Placeholder.h"; sourceTree = "<group>"; };
		234846E321FEB4320069F345 /* ColorExtensions.swift */ = {isa = PBXFileReference; lastKnownFileType = sourcecode.swift; path = ColorExtensions.swift; sourceTree = "<group>"; };
/* End PBXFileReference section */

/* Begin PBXFrameworksBuildPhase section */
		230B81BA21FB0D05007BAA87 /* Frameworks */ = {
			isa = PBXFrameworksBuildPhase;
			buildActionMask = 2147483647;
			files = (
			);
			runOnlyForDeploymentPostprocessing = 0;
		};
		230B81CE21FB0D07007BAA87 /* Frameworks */ = {
			isa = PBXFrameworksBuildPhase;
			buildActionMask = 2147483647;
			files = (
			);
			runOnlyForDeploymentPostprocessing = 0;
		};
		230B81D921FB0D07007BAA87 /* Frameworks */ = {
			isa = PBXFrameworksBuildPhase;
			buildActionMask = 2147483647;
			files = (
			);
			runOnlyForDeploymentPostprocessing = 0;
		};
/* End PBXFrameworksBuildPhase section */

/* Begin PBXGroup section */
		230B81B421FB0D05007BAA87 = {
			isa = PBXGroup;
			children = (
				230B81BF21FB0D05007BAA87 /* EditTimesheets */,
				230B81D421FB0D07007BAA87 /* EditTimesheetsTests */,
				230B81DF21FB0D07007BAA87 /* EditTimesheetsUITests */,
				230B81BE21FB0D05007BAA87 /* Products */,
			);
			sourceTree = "<group>";
		};
		230B81BE21FB0D05007BAA87 /* Products */ = {
			isa = PBXGroup;
			children = (
				230B81BD21FB0D05007BAA87 /* EditTimesheets.app */,
				230B81D121FB0D07007BAA87 /* EditTimesheetsTests.xctest */,
				230B81DC21FB0D07007BAA87 /* EditTimesheetsUITests.xctest */,
			);
			name = Products;
			sourceTree = "<group>";
		};
		230B81BF21FB0D05007BAA87 /* EditTimesheets */ = {
			isa = PBXGroup;
			children = (
				230B81C021FB0D05007BAA87 /* AppDelegate.swift */,
				230B81F621FB15D3007BAA87 /* EditTimesheets-Bridging-Header.h */,
				230B81F821FB15D4007BAA87 /* UITextView+Placeholder.h */,
				230B81F721FB15D4007BAA87 /* UITextView+Placeholder.m */,
				230B81CC21FB0D07007BAA87 /* Info.plist */,
				230B81EE21FB0DCD007BAA87 /* AddInforCheckInCheckOutView.swift */,
				230B81F021FB0DD8007BAA87 /* AddInforCheckInCheckOutView.xib */,
				230B81F421FB0F9C007BAA87 /* InputCheckInCheckOutView.swift */,
				230B81F221FB0F89007BAA87 /* InputCheckInCheckOutView.xib */,
				230B81C221FB0D05007BAA87 /* ViewController.swift */,
				230B81C721FB0D07007BAA87 /* Assets.xcassets */,
				230B81C921FB0D07007BAA87 /* LaunchScreen.storyboard */,
				230B81C421FB0D05007BAA87 /* Main.storyboard */,
				234846E321FEB4320069F345 /* ColorExtensions.swift */,
			);
			path = EditTimesheets;
			sourceTree = "<group>";
		};
		230B81D421FB0D07007BAA87 /* EditTimesheetsTests */ = {
			isa = PBXGroup;
			children = (
				230B81D521FB0D07007BAA87 /* EditTimesheetsTests.swift */,
				230B81D721FB0D07007BAA87 /* Info.plist */,
			);
			path = EditTimesheetsTests;
			sourceTree = "<group>";
		};
		230B81DF21FB0D07007BAA87 /* EditTimesheetsUITests */ = {
			isa = PBXGroup;
			children = (
				230B81E021FB0D07007BAA87 /* EditTimesheetsUITests.swift */,
				230B81E221FB0D07007BAA87 /* Info.plist */,
			);
			path = EditTimesheetsUITests;
			sourceTree = "<group>";
		};
/* End PBXGroup section */

/* Begin PBXNativeTarget section */
		230B81BC21FB0D05007BAA87 /* EditTimesheets */ = {
			isa = PBXNativeTarget;
			buildConfigurationList = 230B81E521FB0D07007BAA87 /* Build configuration list for PBXNativeTarget "EditTimesheets" */;
			buildPhases = (
				230B81B921FB0D05007BAA87 /* Sources */,
				230B81BA21FB0D05007BAA87 /* Frameworks */,
				230B81BB21FB0D05007BAA87 /* Resources */,
			);
			buildRules = (
			);
			dependencies = (
			);
			name = EditTimesheets;
			productName = EditTimesheets;
			productReference = 230B81BD21FB0D05007BAA87 /* EditTimesheets.app */;
			productType = "com.apple.product-type.application";
		};
		230B81D021FB0D07007BAA87 /* EditTimesheetsTests */ = {
			isa = PBXNativeTarget;
			buildConfigurationList = 230B81E821FB0D07007BAA87 /* Build configuration list for PBXNativeTarget "EditTimesheetsTests" */;
			buildPhases = (
				230B81CD21FB0D07007BAA87 /* Sources */,
				230B81CE21FB0D07007BAA87 /* Frameworks */,
				230B81CF21FB0D07007BAA87 /* Resources */,
			);
			buildRules = (
			);
			dependencies = (
				230B81D321FB0D07007BAA87 /* PBXTargetDependency */,
			);
			name = EditTimesheetsTests;
			productName = EditTimesheetsTests;
			productReference = 230B81D121FB0D07007BAA87 /* EditTimesheetsTests.xctest */;
			productType = "com.apple.product-type.bundle.unit-test";
		};
		230B81DB21FB0D07007BAA87 /* EditTimesheetsUITests */ = {
			isa = PBXNativeTarget;
			buildConfigurationList = 230B81EB21FB0D07007BAA87 /* Build configuration list for PBXNativeTarget "EditTimesheetsUITests" */;
			buildPhases = (
				230B81D821FB0D07007BAA87 /* Sources */,
				230B81D921FB0D07007BAA87 /* Frameworks */,
				230B81DA21FB0D07007BAA87 /* Resources */,
			);
			buildRules = (
			);
			dependencies = (
				230B81DE21FB0D07007BAA87 /* PBXTargetDependency */,
			);
			name = EditTimesheetsUITests;
			productName = EditTimesheetsUITests;
			productReference = 230B81DC21FB0D07007BAA87 /* EditTimesheetsUITests.xctest */;
			productType = "com.apple.product-type.bundle.ui-testing";
		};
/* End PBXNativeTarget section */

/* Begin PBXProject section */
		230B81B521FB0D05007BAA87 /* Project object */ = {
			isa = PBXProject;
			attributes = {
				LastSwiftUpdateCheck = 1010;
				LastUpgradeCheck = 1010;
				ORGANIZATIONNAME = "Nguyen Vinh";
				TargetAttributes = {
					230B81BC21FB0D05007BAA87 = {
						CreatedOnToolsVersion = 10.1;
						LastSwiftMigration = 1010;
					};
					230B81D021FB0D07007BAA87 = {
						CreatedOnToolsVersion = 10.1;
						TestTargetID = 230B81BC21FB0D05007BAA87;
					};
					230B81DB21FB0D07007BAA87 = {
						CreatedOnToolsVersion = 10.1;
						TestTargetID = 230B81BC21FB0D05007BAA87;
					};
				};
			};
			buildConfigurationList = 230B81B821FB0D05007BAA87 /* Build configuration list for PBXProject "EditTimesheets" */;
			compatibilityVersion = "Xcode 9.3";
			developmentRegion = en;
			hasScannedForEncodings = 0;
			knownRegions = (
				en,
				Base,
			);
			mainGroup = 230B81B421FB0D05007BAA87;
			productRefGroup = 230B81BE21FB0D05007BAA87 /* Products */;
			projectDirPath = "";
			projectRoot = "";
			targets = (
				230B81BC21FB0D05007BAA87 /* EditTimesheets */,
				230B81D021FB0D07007BAA87 /* EditTimesheetsTests */,
				230B81DB21FB0D07007BAA87 /* EditTimesheetsUITests */,
			);
		};
/* End PBXProject section */

/* Begin PBXResourcesBuildPhase section */
		230B81BB21FB0D05007BAA87 /* Resources */ = {
			isa = PBXResourcesBuildPhase;
			buildActionMask = 2147483647;
			files = (
				230B81CB21FB0D07007BAA87 /* LaunchScreen.storyboard in Resources */,
				230B81F321FB0F89007BAA87 /* InputCheckInCheckOutView.xib in Resources */,
				230B81F121FB0DD8007BAA87 /* AddInforCheckInCheckOutView.xib in Resources */,
				230B81C821FB0D07007BAA87 /* Assets.xcassets in Resources */,
				230B81C621FB0D05007BAA87 /* Main.storyboard in Resources */,
			);
			runOnlyForDeploymentPostprocessing = 0;
		};
		230B81CF21FB0D07007BAA87 /* Resources */ = {
			isa = PBXResourcesBuildPhase;
			buildActionMask = 2147483647;
			files = (
			);
			runOnlyForDeploymentPostprocessing = 0;
		};
		230B81DA21FB0D07007BAA87 /* Resources */ = {
			isa = PBXResourcesBuildPhase;
			buildActionMask = 2147483647;
			files = (
			);
			runOnlyForDeploymentPostprocessing = 0;
		};
/* End PBXResourcesBuildPhase section */

/* Begin PBXSourcesBuildPhase section */
		230B81B921FB0D05007BAA87 /* Sources */ = {
			isa = PBXSourcesBuildPhase;
			buildActionMask = 2147483647;
			files = (
				230B81C321FB0D05007BAA87 /* ViewController.swift in Sources */,
				230B81EF21FB0DCD007BAA87 /* AddInforCheckInCheckOutView.swift in Sources */,
				230B81C121FB0D05007BAA87 /* AppDelegate.swift in Sources */,
				230B81F921FB15D4007BAA87 /* UITextView+Placeholder.m in Sources */,
				230B81F521FB0F9C007BAA87 /* InputCheckInCheckOutView.swift in Sources */,
				234846E421FEB4320069F345 /* ColorExtensions.swift in Sources */,
			);
			runOnlyForDeploymentPostprocessing = 0;
		};
		230B81CD21FB0D07007BAA87 /* Sources */ = {
			isa = PBXSourcesBuildPhase;
			buildActionMask = 2147483647;
			files = (
				230B81D621FB0D07007BAA87 /* EditTimesheetsTests.swift in Sources */,
			);
			runOnlyForDeploymentPostprocessing = 0;
		};
		230B81D821FB0D07007BAA87 /* Sources */ = {
			isa = PBXSourcesBuildPhase;
			buildActionMask = 2147483647;
			files = (
				230B81E121FB0D07007BAA87 /* EditTimesheetsUITests.swift in Sources */,
			);
			runOnlyForDeploymentPostprocessing = 0;
		};
/* End PBXSourcesBuildPhase section */

/* Begin PBXTargetDependency section */
		230B81D321FB0D07007BAA87 /* PBXTargetDependency */ = {
			isa = PBXTargetDependency;
			target = 230B81BC21FB0D05007BAA87 /* EditTimesheets */;
			targetProxy = 230B81D221FB0D07007BAA87 /* PBXContainerItemProxy */;
		};
		230B81DE21FB0D07007BAA87 /* PBXTargetDependency */ = {
			isa = PBXTargetDependency;
			target = 230B81BC21FB0D05007BAA87 /* EditTimesheets */;
			targetProxy = 230B81DD21FB0D07007BAA87 /* PBXContainerItemProxy */;
		};
/* End PBXTargetDependency section */

/* Begin PBXVariantGroup section */
		230B81C421FB0D05007BAA87 /* Main.storyboard */ = {
			isa = PBXVariantGroup;
			children = (
				230B81C521FB0D05007BAA87 /* Base */,
			);
			name = Main.storyboard;
			sourceTree = "<group>";
		};
		230B81C921FB0D07007BAA87 /* LaunchScreen.storyboard */ = {
			isa = PBXVariantGroup;
			children = (
				230B81CA21FB0D07007BAA87 /* Base */,
			);
			name = LaunchScreen.storyboard;
			sourceTree = "<group>";
		};
/* End PBXVariantGroup section */

/* Begin XCBuildConfiguration section */
		230B81E321FB0D07007BAA87 /* Debug */ = {
			isa = XCBuildConfiguration;
			buildSettings = {
				ALWAYS_SEARCH_USER_PATHS = NO;
				CLANG_ANALYZER_NONNULL = YES;
				CLANG_ANALYZER_NUMBER_OBJECT_CONVERSION = YES_AGGRESSIVE;
				CLANG_CXX_LANGUAGE_STANDARD = "gnu++14";
				CLANG_CXX_LIBRARY = "libc++";
				CLANG_ENABLE_MODULES = YES;
				CLANG_ENABLE_OBJC_ARC = YES;
				CLANG_ENABLE_OBJC_WEAK = YES;
				CLANG_WARN_BLOCK_CAPTURE_AUTORELEASING = YES;
				CLANG_WARN_BOOL_CONVERSION = YES;
				CLANG_WARN_COMMA = YES;
				CLANG_WARN_CONSTANT_CONVERSION = YES;
				CLANG_WARN_DEPRECATED_OBJC_IMPLEMENTATIONS = YES;
				CLANG_WARN_DIRECT_OBJC_ISA_USAGE = YES_ERROR;
				CLANG_WARN_DOCUMENTATION_COMMENTS = YES;
				CLANG_WARN_EMPTY_BODY = YES;
				CLANG_WARN_ENUM_CONVERSION = YES;
				CLANG_WARN_INFINITE_RECURSION = YES;
				CLANG_WARN_INT_CONVERSION = YES;
				CLANG_WARN_NON_LITERAL_NULL_CONVERSION = YES;
				CLANG_WARN_OBJC_IMPLICIT_RETAIN_SELF = YES;
				CLANG_WARN_OBJC_LITERAL_CONVERSION = YES;
				CLANG_WARN_OBJC_ROOT_CLASS = YES_ERROR;
				CLANG_WARN_RANGE_LOOP_ANALYSIS = YES;
				CLANG_WARN_STRICT_PROTOTYPES = YES;
				CLANG_WARN_SUSPICIOUS_MOVE = YES;
				CLANG_WARN_UNGUARDED_AVAILABILITY = YES_AGGRESSIVE;
				CLANG_WARN_UNREACHABLE_CODE = YES;
				CLANG_WARN__DUPLICATE_METHOD_MATCH = YES;
				CODE_SIGN_IDENTITY = "iPhone Developer";
				COPY_PHASE_STRIP = NO;
				DEBUG_INFORMATION_FORMAT = dwarf;
				ENABLE_STRICT_OBJC_MSGSEND = YES;
				ENABLE_TESTABILITY = YES;
				GCC_C_LANGUAGE_STANDARD = gnu11;
				GCC_DYNAMIC_NO_PIC = NO;
				GCC_NO_COMMON_BLOCKS = YES;
				GCC_OPTIMIZATION_LEVEL = 0;
				GCC_PREPROCESSOR_DEFINITIONS = (
					"DEBUG=1",
					"$(inherited)",
				);
				GCC_WARN_64_TO_32_BIT_CONVERSION = YES;
				GCC_WARN_ABOUT_RETURN_TYPE = YES_ERROR;
				GCC_WARN_UNDECLARED_SELECTOR = YES;
				GCC_WARN_UNINITIALIZED_AUTOS = YES_AGGRESSIVE;
				GCC_WARN_UNUSED_FUNCTION = YES;
				GCC_WARN_UNUSED_VARIABLE = YES;
				IPHONEOS_DEPLOYMENT_TARGET = 12.1;
				MTL_ENABLE_DEBUG_INFO = INCLUDE_SOURCE;
				MTL_FAST_MATH = YES;
				ONLY_ACTIVE_ARCH = YES;
				SDKROOT = iphoneos;
				SWIFT_ACTIVE_COMPILATION_CONDITIONS = DEBUG;
				SWIFT_OPTIMIZATION_LEVEL = "-Onone";
			};
			name = Debug;
		};
		230B81E421FB0D07007BAA87 /* Release */ = {
			isa = XCBuildConfiguration;
			buildSettings = {
				ALWAYS_SEARCH_USER_PATHS = NO;
				CLANG_ANALYZER_NONNULL = YES;
				CLANG_ANALYZER_NUMBER_OBJECT_CONVERSION = YES_AGGRESSIVE;
				CLANG_CXX_LANGUAGE_STANDARD = "gnu++14";
				CLANG_CXX_LIBRARY = "libc++";
				CLANG_ENABLE_MODULES = YES;
				CLANG_ENABLE_OBJC_ARC = YES;
				CLANG_ENABLE_OBJC_WEAK = YES;
				CLANG_WARN_BLOCK_CAPTURE_AUTORELEASING = YES;
				CLANG_WARN_BOOL_CONVERSION = YES;
				CLANG_WARN_COMMA = YES;
				CLANG_WARN_CONSTANT_CONVERSION = YES;
				CLANG_WARN_DEPRECATED_OBJC_IMPLEMENTATIONS = YES;
				CLANG_WARN_DIRECT_OBJC_ISA_USAGE = YES_ERROR;
				CLANG_WARN_DOCUMENTATION_COMMENTS = YES;
				CLANG_WARN_EMPTY_BODY = YES;
				CLANG_WARN_ENUM_CONVERSION = YES;
				CLANG_WARN_INFINITE_RECURSION = YES;
				CLANG_WARN_INT_CONVERSION = YES;
				CLANG_WARN_NON_LITERAL_NULL_CONVERSION = YES;
				CLANG_WARN_OBJC_IMPLICIT_RETAIN_SELF = YES;
				CLANG_WARN_OBJC_LITERAL_CONVERSION = YES;
				CLANG_WARN_OBJC_ROOT_CLASS = YES_ERROR;
				CLANG_WARN_RANGE_LOOP_ANALYSIS = YES;
				CLANG_WARN_STRICT_PROTOTYPES = YES;
				CLANG_WARN_SUSPICIOUS_MOVE = YES;
				CLANG_WARN_UNGUARDED_AVAILABILITY = YES_AGGRESSIVE;
				CLANG_WARN_UNREACHABLE_CODE = YES;
				CLANG_WARN__DUPLICATE_METHOD_MATCH = YES;
				CODE_SIGN_IDENTITY = "iPhone Developer";
				COPY_PHASE_STRIP = NO;
				DEBUG_INFORMATION_FORMAT = "dwarf-with-dsym";
				ENABLE_NS_ASSERTIONS = NO;
				ENABLE_STRICT_OBJC_MSGSEND = YES;
				GCC_C_LANGUAGE_STANDARD = gnu11;
				GCC_NO_COMMON_BLOCKS = YES;
				GCC_WARN_64_TO_32_BIT_CONVERSION = YES;
				GCC_WARN_ABOUT_RETURN_TYPE = YES_ERROR;
				GCC_WARN_UNDECLARED_SELECTOR = YES;
				GCC_WARN_UNINITIALIZED_AUTOS = YES_AGGRESSIVE;
				GCC_WARN_UNUSED_FUNCTION = YES;
				GCC_WARN_UNUSED_VARIABLE = YES;
				IPHONEOS_DEPLOYMENT_TARGET = 12.1;
				MTL_ENABLE_DEBUG_INFO = NO;
				MTL_FAST_MATH = YES;
				SDKROOT = iphoneos;
				SWIFT_COMPILATION_MODE = wholemodule;
				SWIFT_OPTIMIZATION_LEVEL = "-O";
				VALIDATE_PRODUCT = YES;
			};
			name = Release;
		};
		230B81E621FB0D07007BAA87 /* Debug */ = {
			isa = XCBuildConfiguration;
			buildSettings = {
				ASSETCATALOG_COMPILER_APPICON_NAME = AppIcon;
				CLANG_ENABLE_MODULES = YES;
				CODE_SIGN_STYLE = Automatic;
				DEVELOPMENT_TEAM = 46W25C8KDG;
				INFOPLIST_FILE = EditTimesheets/Info.plist;
				LD_RUNPATH_SEARCH_PATHS = (
					"$(inherited)",
					"@executable_path/Frameworks",
				);
				PRODUCT_BUNDLE_IDENTIFIER = com.ominext.EditTimesheets;
				PRODUCT_NAME = "$(TARGET_NAME)";
				SWIFT_OBJC_BRIDGING_HEADER = "EditTimesheets/EditTimesheets-Bridging-Header.h";
				SWIFT_OPTIMIZATION_LEVEL = "-Onone";
				SWIFT_VERSION = 4.2;
				TARGETED_DEVICE_FAMILY = "1,2";
			};
			name = Debug;
		};
		230B81E721FB0D07007BAA87 /* Release */ = {
			isa = XCBuildConfiguration;
			buildSettings = {
				ASSETCATALOG_COMPILER_APPICON_NAME = AppIcon;
				CLANG_ENABLE_MODULES = YES;
				CODE_SIGN_STYLE = Automatic;
				DEVELOPMENT_TEAM = 46W25C8KDG;
				INFOPLIST_FILE = EditTimesheets/Info.plist;
				LD_RUNPATH_SEARCH_PATHS = (
					"$(inherited)",
					"@executable_path/Frameworks",
				);
				PRODUCT_BUNDLE_IDENTIFIER = com.ominext.EditTimesheets;
				PRODUCT_NAME = "$(TARGET_NAME)";
				SWIFT_OBJC_BRIDGING_HEADER = "EditTimesheets/EditTimesheets-Bridging-Header.h";
				SWIFT_VERSION = 4.2;
				TARGETED_DEVICE_FAMILY = "1,2";
			};
			name = Release;
		};
		230B81E921FB0D07007BAA87 /* Debug */ = {
			isa = XCBuildConfiguration;
			buildSettings = {
				ALWAYS_EMBED_SWIFT_STANDARD_LIBRARIES = YES;
				BUNDLE_LOADER = "$(TEST_HOST)";
				CODE_SIGN_STYLE = Automatic;
				DEVELOPMENT_TEAM = 46W25C8KDG;
				INFOPLIST_FILE = EditTimesheetsTests/Info.plist;
				LD_RUNPATH_SEARCH_PATHS = (
					"$(inherited)",
					"@executable_path/Frameworks",
					"@loader_path/Frameworks",
				);
				PRODUCT_BUNDLE_IDENTIFIER = com.ominext.EditTimesheetsTests;
				PRODUCT_NAME = "$(TARGET_NAME)";
				SWIFT_VERSION = 4.2;
				TARGETED_DEVICE_FAMILY = "1,2";
				TEST_HOST = "$(BUILT_PRODUCTS_DIR)/EditTimesheets.app/EditTimesheets";
			};
			name = Debug;
		};
		230B81EA21FB0D07007BAA87 /* Release */ = {
			isa = XCBuildConfiguration;
			buildSettings = {
				ALWAYS_EMBED_SWIFT_STANDARD_LIBRARIES = YES;
				BUNDLE_LOADER = "$(TEST_HOST)";
				CODE_SIGN_STYLE = Automatic;
				DEVELOPMENT_TEAM = 46W25C8KDG;
				INFOPLIST_FILE = EditTimesheetsTests/Info.plist;
				LD_RUNPATH_SEARCH_PATHS = (
					"$(inherited)",
					"@executable_path/Frameworks",
					"@loader_path/Frameworks",
				);
				PRODUCT_BUNDLE_IDENTIFIER = com.ominext.EditTimesheetsTests;
				PRODUCT_NAME = "$(TARGET_NAME)";
				SWIFT_VERSION = 4.2;
				TARGETED_DEVICE_FAMILY = "1,2";
				TEST_HOST = "$(BUILT_PRODUCTS_DIR)/EditTimesheets.app/EditTimesheets";
			};
			name = Release;
		};
		230B81EC21FB0D07007BAA87 /* Debug */ = {
			isa = XCBuildConfiguration;
			buildSettings = {
				ALWAYS_EMBED_SWIFT_STANDARD_LIBRARIES = YES;
				CODE_SIGN_STYLE = Automatic;
				DEVELOPMENT_TEAM = 46W25C8KDG;
				INFOPLIST_FILE = EditTimesheetsUITests/Info.plist;
				LD_RUNPATH_SEARCH_PATHS = (
					"$(inherited)",
					"@executable_path/Frameworks",
					"@loader_path/Frameworks",
				);
				PRODUCT_BUNDLE_IDENTIFIER = com.ominext.EditTimesheetsUITests;
				PRODUCT_NAME = "$(TARGET_NAME)";
				SWIFT_VERSION = 4.2;
				TARGETED_DEVICE_FAMILY = "1,2";
				TEST_TARGET_NAME = EditTimesheets;
			};
			name = Debug;
		};
		230B81ED21FB0D07007BAA87 /* Release */ = {
			isa = XCBuildConfiguration;
			buildSettings = {
				ALWAYS_EMBED_SWIFT_STANDARD_LIBRARIES = YES;
				CODE_SIGN_STYLE = Automatic;
				DEVELOPMENT_TEAM = 46W25C8KDG;
				INFOPLIST_FILE = EditTimesheetsUITests/Info.plist;
				LD_RUNPATH_SEARCH_PATHS = (
					"$(inherited)",
					"@executable_path/Frameworks",
					"@loader_path/Frameworks",
				);
				PRODUCT_BUNDLE_IDENTIFIER = com.ominext.EditTimesheetsUITests;
				PRODUCT_NAME = "$(TARGET_NAME)";
				SWIFT_VERSION = 4.2;
				TARGETED_DEVICE_FAMILY = "1,2";
				TEST_TARGET_NAME = EditTimesheets;
			};
			name = Release;
		};
/* End XCBuildConfiguration section */

/* Begin XCConfigurationList section */
		230B81B821FB0D05007BAA87 /* Build configuration list for PBXProject "EditTimesheets" */ = {
			isa = XCConfigurationList;
			buildConfigurations = (
				230B81E321FB0D07007BAA87 /* Debug */,
				230B81E421FB0D07007BAA87 /* Release */,
			);
			defaultConfigurationIsVisible = 0;
			defaultConfigurationName = Release;
		};
		230B81E521FB0D07007BAA87 /* Build configuration list for PBXNativeTarget "EditTimesheets" */ = {
			isa = XCConfigurationList;
			buildConfigurations = (
				230B81E621FB0D07007BAA87 /* Debug */,
				230B81E721FB0D07007BAA87 /* Release */,
			);
			defaultConfigurationIsVisible = 0;
			defaultConfigurationName = Release;
		};
		230B81E821FB0D07007BAA87 /* Build configuration list for PBXNativeTarget "EditTimesheetsTests" */ = {
			isa = XCConfigurationList;
			buildConfigurations = (
				230B81E921FB0D07007BAA87 /* Debug */,
				230B81EA21FB0D07007BAA87 /* Release */,
			);
			defaultConfigurationIsVisible = 0;
			defaultConfigurationName = Release;
		};
		230B81EB21FB0D07007BAA87 /* Build configuration list for PBXNativeTarget "EditTimesheetsUITests" */ = {
			isa = XCConfigurationList;
			buildConfigurations = (
				230B81EC21FB0D07007BAA87 /* Debug */,
				230B81ED21FB0D07007BAA87 /* Release */,
			);
			defaultConfigurationIsVisible = 0;
			defaultConfigurationName = Release;
		};
/* End XCConfigurationList section */
	};
	rootObject = 230B81B521FB0D05007BAA87 /* Project object */;
}
